
Microsoft Visual Studio Solution File, Format Version 12.00
# Visual Studio Version 16
VisualStudioVersion = 16.0.31025.194
MinimumVisualStudioVersion = 10.0.40219.1
Project("{9A19103F-16F7-4668-BE54-9A1E7A4F7556}") = "Retail.API", "Retail.API\Retail.API.csproj", "{80AEB20A-885E-482D-A496-A5DBD2CCDA74}"
EndProject
Project("{9A19103F-16F7-4668-BE54-9A1E7A4F7556}") = "Retail.Models", "Retail.models\Retail.Models.csproj", "{DE75BC10-15FB-4723-BD45-5ED575DFA500}"
EndProject
Project("{9A19103F-16F7-4668-BE54-9A1E7A4F7556}") = "Retail.Repository", "Retail.Repository\Retail.Repository.csproj", "{151904B1-BC63-47EB-88E3-B175F50B665B}"
EndProject
Project("{9A19103F-16F7-4668-BE54-9A1E7A4F7556}") = "Retail.Services", "Retail.Services\Retail.Services.csproj", "{D6BC5F52-69FC-4D9A-93E3-90FB4EC62F15}"
EndProject
Project("{FAE04EC0-301F-11D3-BF4B-00C04F79EFBC}") = "Retail.UnitTest", "Retail.UnitTest\Retail.UnitTest.csproj", "{302921B5-1FAA-4948-896C-49007A2B0B7F}"
EndProject
Global
	GlobalSection(SolutionConfigurationPlatforms) = preSolution
		Debug|Any CPU = Debug|Any CPU
		Release|Any CPU = Release|Any CPU
	EndGlobalSection
	GlobalSection(ProjectConfigurationPlatforms) = postSolution
		{80AEB20A-885E-482D-A496-A5DBD2CCDA74}.Debug|Any CPU.ActiveCfg = Debug|Any CPU
		{80AEB20A-885E-482D-A496-A5DBD2CCDA74}.Debug|Any CPU.Build.0 = Debug|Any CPU
		{80AEB20A-885E-482D-A496-A5DBD2CCDA74}.Release|Any CPU.ActiveCfg = Release|Any CPU
		{80AEB20A-885E-482D-A496-A5DBD2CCDA74}.Release|Any CPU.Build.0 = Release|Any CPU
		{DE75BC10-15FB-4723-BD45-5ED575DFA500}.Debug|Any CPU.ActiveCfg = Debug|Any CPU
		{DE75BC10-15FB-4723-BD45-5ED575DFA500}.Debug|Any CPU.Build.0 = Debug|Any CPU
		{DE75BC10-15FB-4723-BD45-5ED575DFA500}.Release|Any CPU.ActiveCfg = Release|Any CPU
		{DE75BC10-15FB-4723-BD45-5ED575DFA500}.Release|Any CPU.Build.0 = Release|Any CPU
		{151904B1-BC63-47EB-88E3-B175F50B665B}.Debug|Any CPU.ActiveCfg = Debug|Any CPU
		{151904B1-BC63-47EB-88E3-B175F50B665B}.Debug|Any CPU.Build.0 = Debug|Any CPU
		{151904B1-BC63-47EB-88E3-B175F50B665B}.Release|Any CPU.ActiveCfg = Release|Any CPU
		{151904B1-BC63-47EB-88E3-B175F50B665B}.Release|Any CPU.Build.0 = Release|Any CPU
		{D6BC5F52-69FC-4D9A-93E3-90FB4EC62F15}.Debug|Any CPU.ActiveCfg = Debug|Any CPU
		{D6BC5F52-69FC-4D9A-93E3-90FB4EC62F15}.Debug|Any CPU.Build.0 = Debug|Any CPU
		{D6BC5F52-69FC-4D9A-93E3-90FB4EC62F15}.Release|Any CPU.ActiveCfg = Release|Any CPU
		{D6BC5F52-69FC-4D9A-93E3-90FB4EC62F15}.Release|Any CPU.Build.0 = Release|Any CPU
		{302921B5-1FAA-4948-896C-49007A2B0B7F}.Debug|Any CPU.ActiveCfg = Debug|Any CPU
		{302921B5-1FAA-4948-896C-49007A2B0B7F}.Debug|Any CPU.Build.0 = Debug|Any CPU
		{302921B5-1FAA-4948-896C-49007A2B0B7F}.Release|Any CPU.ActiveCfg = Release|Any CPU
		{302921B5-1FAA-4948-896C-49007A2B0B7F}.Release|Any CPU.Build.0 = Release|Any CPU
	EndGlobalSection
	GlobalSection(SolutionProperties) = preSolution
		HideSolutionNode = FALSE
	EndGlobalSection
	GlobalSection(ExtensibilityGlobals) = postSolution
		SolutionGuid = {DC2B142C-ECAA-4AC7-B139-07DDEC5AB3F0}
	EndGlobalSection
EndGlobal
